
Microsoft Visual Studio Solution File, Format Version 12.00
# Visual Studio Version 16
VisualStudioVersion = 16.0.30907.101
MinimumVisualStudioVersion = 10.0.40219.1
Project("{FAE04EC0-301F-11D3-BF4B-00C04F79EFBC}") = "CarLib", "CarLib\CarLib.csproj", "{D89825CF-FB0D-415C-882F-58C4C90EB44C}"
EndProject
Global
	GlobalSection(SolutionConfigurationPlatforms) = preSolution
		Debug|Any CPU = Debug|Any CPU
		Release|Any CPU = Release|Any CPU
	EndGlobalSection
	GlobalSection(ProjectConfigurationPlatforms) = postSolution
		{D89825CF-FB0D-415C-882F-58C4C90EB44C}.Debug|Any CPU.ActiveCfg = Debug|Any CPU
		{D89825CF-FB0D-415C-882F-58C4C90EB44C}.Debug|Any CPU.Build.0 = Debug|Any CPU
		{D89825CF-FB0D-415C-882F-58C4C90EB44C}.Release|Any CPU.ActiveCfg = Release|Any CPU
		{D89825CF-FB0D-415C-882F-58C4C90EB44C}.Release|Any CPU.Build.0 = Release|Any CPU
	EndGlobalSection
	GlobalSection(SolutionProperties) = preSolution
		HideSolutionNode = FALSE
	EndGlobalSection
	GlobalSection(ExtensibilityGlobals) = postSolution
		SolutionGuid = {F5E48A68-1876-43AB-A65A-40D4DA4E37D5}
	EndGlobalSection
EndGlobal
